{
  "requires": true,
  "lockfileVersion": 1,
  "dependencies": {
    "@better-scroll/core": {
      "version": "2.3.1",
      "resolved": "https://registry.npmjs.org/@better-scroll/core/-/core-2.3.1.tgz",
      "integrity": "sha512-X/10f+1Rxxpad4h8NmToVToED3+vRJIAhMaoXDIOUJ6Glq+ruImxpKStuZ663Ceu+yk2j3TtBwHeOBHWtx8rxA==",
      "requires": {
        "@better-scroll/shared-utils": "^2.3.1"
      }
    },
    "@better-scroll/indicators": {
      "version": "2.3.1",
      "resolved": "https://registry.npmjs.org/@better-scroll/indicators/-/indicators-2.3.1.tgz",
      "integrity": "sha512-ovIFMfHM98meTemsQXNQLJQgqjYIku3eSo5b6Dopiu+ha2oD8mnPjD9SdcOLd6OrIaWdIEyxfMMfz65oqIWJKw==",
      "requires": {
        "@better-scroll/core": "^2.3.1"
      }
    },
    "@better-scroll/infinity": {
      "version": "2.3.1",
      "resolved": "https://registry.npmjs.org/@better-scroll/infinity/-/infinity-2.3.1.tgz",
      "integrity": "sha512-0Whvyv7tTNEb5R+8A493Br9L3T2hB1bpYGcWjDPMyD/vNJn8NfgqBShIYdkqqoZywd/cI6WcEf7wfTqC2W1kGw==",
      "requires": {
        "@better-scroll/core": "^2.3.1"
      }
    },
    "@better-scroll/mouse-wheel": {
      "version": "2.3.1",
      "resolved": "https://registry.npmjs.org/@better-scroll/mouse-wheel/-/mouse-wheel-2.3.1.tgz",
      "integrity": "sha512-IN1EH23y/RoGk4NB93uruoFltbL0DCa45tLy0npCCAwf2dy5ZppJfXjP5Z+L2165AKN7tCjST551yOh5ZPlSvA==",
      "requires": {
        "@better-scroll/core": "^2.3.1"
      }
    },
    "@better-scroll/movable": {
      "version": "2.3.1",
      "resolved": "https://registry.npmjs.org/@better-scroll/movable/-/movable-2.3.1.tgz",
      "integrity": "sha512-4wDvTbtmNar/0y0WJEY0hAOjFcyqz7qFChP4jeHvufcDHW1lKDzY3MZKs5NXiskdHvz68q1AItKxVLRZNPwjhQ==",
      "requires": {
        "@better-scroll/core": "^2.3.1"
      }
    },
    "@better-scroll/nested-scroll": {
      "version": "2.3.1",
      "resolved": "https://registry.npmjs.org/@better-scroll/nested-scroll/-/nested-scroll-2.3.1.tgz",
      "integrity": "sha512-w/qbUtZRoeTZTHQ3KlMCDB0rA51jiJpWvJKsM8k/wM5WC+hin5VE2jq90PP8vIrNhH5gJlRbrK70Da12hd4lbQ==",
      "requires": {
        "@better-scroll/core": "^2.3.1"
      }
    },
    "@better-scroll/observe-dom": {
      "version": "2.3.1",
      "resolved": "https://registry.npmjs.org/@better-scroll/observe-dom/-/observe-dom-2.3.1.tgz",
      "integrity": "sha512-d1syBdrRuhdkUcNSwfu/fEIcWKlxeVgfUiMAbVw4iUp7jLQVZe8hKsBXU0zHy+CMW++mqoeuPK6owBjIohH8eQ==",
      "requires": {
        "@better-scroll/core": "^2.3.1"
      }
    },
    "@better-scroll/observe-image": {
      "version": "2.3.1",
      "resolved": "https://registry.npmjs.org/@better-scroll/observe-image/-/observe-image-2.3.1.tgz",
      "integrity": "sha512-aVj6T/HqIn/QOfGMd3+ofvf+QRTKR1whLySPRkwKQYv8nVy9gjvsKwH6dp3EfTvASP1xGD0jC+Th7dh8oN4X4Q==",
      "requires": {
        "@better-scroll/core": "^2.3.1"
      }
    },
    "@better-scroll/pull-down": {
      "version": "2.3.1",
      "resolved": "https://registry.npmjs.org/@better-scroll/pull-down/-/pull-down-2.3.1.tgz",
      "integrity": "sha512-R4Q0Ce1Mv2s3TtPzhAVdMEoDLn7qXmr7qUVZjlr4mlLIGmY1Fmk/PzO65kSiDL4PylFfHusUnguJVRcWxjB3oA==",
      "requires": {
        "@better-scroll/core": "^2.3.1"
      }
    },
    "@better-scroll/pull-up": {
      "version": "2.3.1",
      "resolved": "https://registry.npmjs.org/@better-scroll/pull-up/-/pull-up-2.3.1.tgz",
      "integrity": "sha512-e4RY2ANG4DFMCw7twvDD68pWtgSFwCJiPekAQoep+2z3j5319Z82kFMsPKa22UEpVLUcvuOhzKH2v0Kwb0l9Lg==",
      "requires": {
        "@better-scroll/core": "^2.3.1"
      }
    },
    "@better-scroll/scroll-bar": {
      "version": "2.3.1",
      "resolved": "https://registry.npmjs.org/@better-scroll/scroll-bar/-/scroll-bar-2.3.1.tgz",
      "integrity": "sha512-WlXpp1cG53djcht7FMs76w1TR1w/xrPTuSjYWgYGjl0z9LbNL4ednFbWECS34yNyWxi3g2R+IrboCxueNyUJYg==",
      "requires": {
        "@better-scroll/core": "^2.3.1"
      }
    },
    "@better-scroll/shared-utils": {
      "version": "2.3.1",
      "resolved": "https://registry.npmjs.org/@better-scroll/shared-utils/-/shared-utils-2.3.1.tgz",
      "integrity": "sha512-w0VjSDAYArTnq1PyDoikdHlOTNrNVgWeYZCej3iVC/JQuhHH/wpROPUFjdF9hz8REF4+ACluX9Y+fMYy5do5vA=="
    },
    "@better-scroll/slide": {
      "version": "2.3.1",
      "resolved": "https://registry.npmjs.org/@better-scroll/slide/-/slide-2.3.1.tgz",
      "integrity": "sha512-MZACjWABJ/pKdpns42LUXjNbXGAcEaWWQalukZgL870XF6Bd2qNTsXfz1ykNUuoaDcY9Ruh7iCwa7gZ078oKBw==",
      "requires": {
        "@better-scroll/core": "^2.3.1"
      }
    },
    "@better-scroll/wheel": {
      "version": "2.3.1",
      "resolved": "https://registry.npmjs.org/@better-scroll/wheel/-/wheel-2.3.1.tgz",
      "integrity": "sha512-ANmKSsY8IKnyPgcCDamMi+MNRvNbtGmu13wcv/GgVhNMGem9fwf/BtWEE2TFxga3xR98cESJAqqrWgdl9oGCvg==",
      "requires": {
        "@better-scroll/core": "^2.3.1"
      }
    },
    "@better-scroll/zoom": {
      "version": "2.3.1",
      "resolved": "https://registry.npmjs.org/@better-scroll/zoom/-/zoom-2.3.1.tgz",
      "integrity": "sha512-29d8GxVxUo2v3rTwhJBKvI9sUWWQPiRGeKq7Nl3rXwY8iDeRlI4XDpy0vW6zxdgTjskl1P3VvzpnJKXVlZpmaA==",
      "requires": {
        "@better-scroll/core": "^2.3.1"
      }
    },
    "array-find-index": {
      "version": "1.0.2",
      "resolved": "https://registry.npmjs.org/array-find-index/-/array-find-index-1.0.2.tgz",
      "integrity": "sha1-3wEKoSh+Fku9pvlyOwqWoexBh6E="
    },
    "better-scroll": {
      "version": "2.3.1",
      "resolved": "https://registry.npmjs.org/better-scroll/-/better-scroll-2.3.1.tgz",
      "integrity": "sha512-/J6HI8pWbrj3GzhJsXIlczogTuhlJIFVzhWWXXpDrm0Rbm1xHl1eVNHMaIESlXU2xNp57nTgInRqPPcdSm0xag==",
      "requires": {
        "@better-scroll/core": "^2.3.1",
        "@better-scroll/indicators": "^2.3.1",
        "@better-scroll/infinity": "^2.3.1",
        "@better-scroll/mouse-wheel": "^2.3.1",
        "@better-scroll/movable": "^2.3.1",
        "@better-scroll/nested-scroll": "^2.3.1",
        "@better-scroll/observe-dom": "^2.3.1",
        "@better-scroll/observe-image": "^2.3.1",
        "@better-scroll/pull-down": "^2.3.1",
        "@better-scroll/pull-up": "^2.3.1",
        "@better-scroll/scroll-bar": "^2.3.1",
        "@better-scroll/slide": "^2.3.1",
        "@better-scroll/wheel": "^2.3.1",
        "@better-scroll/zoom": "^2.3.1"
      }
    },
    "mint-ui": {
      "version": "2.2.13",
      "resolved": "https://registry.npmjs.org/mint-ui/-/mint-ui-2.2.13.tgz",
      "integrity": "sha512-Xz1SFagHSzKOprwQv3fcekXT5RJvhh939zwZHcWeazk1OJrCjsD4I2qm49AEUCfT1AoYzC+rsZIwGP/J6LwVVw==",
      "requires": {
        "array-find-index": "^1.0.2",
        "raf.js": "0.0.4",
        "vue-lazyload": "^1.0.1"
      }
    },
    "moment": {
      "version": "2.29.1",
      "resolved": "https://registry.npmjs.org/moment/-/moment-2.29.1.tgz",
      "integrity": "sha512-kHmoybcPV8Sqy59DwNDY3Jefr64lK/by/da0ViFcuA4DH0vQg5Q6Ze5VimxkfQNSC+Mls/Kx53s7TjP1RhFEDQ=="
    },
    "raf.js": {
      "version": "0.0.4",
      "resolved": "https://registry.npmjs.org/raf.js/-/raf.js-0.0.4.tgz",
      "integrity": "sha1-8Vr0RdJBsn+nExpXRQtn75xAL+w="
    },
    "vue-lazyload": {
      "version": "1.3.3",
      "resolved": "https://registry.npmjs.org/vue-lazyload/-/vue-lazyload-1.3.3.tgz",
      "integrity": "sha512-uHnq0FTEeNmqnbBC2aRKlmtd9LofMZ6Q3mWvgfLa+i9vhxU8fDK+nGs9c1iVT85axSua/AUnMttIq3xPaU9G3A=="
    },
    "vuex": {
      "version": "3.6.2",
      "resolved": "https://registry.npmjs.org/vuex/-/vuex-3.6.2.tgz",
      "integrity": "sha512-ETW44IqCgBpVomy520DT5jf8n0zoCac+sxWnn+hMe/CzaSejb/eVw2YToiXYX+Ex/AuHHia28vWTq4goAexFbw=="
    }
  }
}
